
Microsoft Visual Studio Solution File, Format Version 12.00
# Visual Studio Version 17
VisualStudioVersion = 17.6.33723.286
MinimumVisualStudioVersion = 10.0.40219.1
Project("{FAE04EC0-301F-11D3-BF4B-00C04F79EFBC}") = "minioTest", "minioTest\minioTest.csproj", "{A9EF868F-4A39-446F-BE6D-8156164A2F9B}"
EndProject
Global
	GlobalSection(SolutionConfigurationPlatforms) = preSolution
		Debug|Any CPU = Debug|Any CPU
		Release|Any CPU = Release|Any CPU
	EndGlobalSection
	GlobalSection(ProjectConfigurationPlatforms) = postSolution
		{A9EF868F-4A39-446F-BE6D-8156164A2F9B}.Debug|Any CPU.ActiveCfg = Debug|Any CPU
		{A9EF868F-4A39-446F-BE6D-8156164A2F9B}.Debug|Any CPU.Build.0 = Debug|Any CPU
		{A9EF868F-4A39-446F-BE6D-8156164A2F9B}.Release|Any CPU.ActiveCfg = Release|Any CPU
		{A9EF868F-4A39-446F-BE6D-8156164A2F9B}.Release|Any CPU.Build.0 = Release|Any CPU
	EndGlobalSection
	GlobalSection(SolutionProperties) = preSolution
		HideSolutionNode = FALSE
	EndGlobalSection
	GlobalSection(ExtensibilityGlobals) = postSolution
		SolutionGuid = {4D46CA38-7097-422F-A8AD-62A5E6F7F2BE}
	EndGlobalSection
EndGlobal
